
Microsoft Visual Studio Solution File, Format Version 12.00
# Visual Studio Version 17
VisualStudioVersion = 17.10.35122.118
MinimumVisualStudioVersion = 10.0.40219.1
Project("{9A19103F-16F7-4668-BE54-9A1E7A4F7556}") = "Web", "Web\Web.csproj", "{2019AE53-742D-46D3-94E3-EC7027B151FE}"
EndProject
Project("{2150E333-8FDC-42A3-9474-1A3956D46DE8}") = "Library", "Library", "{44C65E58-D772-44B3-B0D9-ABD84633640D}"
EndProject
Project("{9A19103F-16F7-4668-BE54-9A1E7A4F7556}") = "Dao", "Library\Dao\Dao.csproj", "{B5582639-E761-40D3-B2F7-8294A50C077A}"
EndProject
Project("{9A19103F-16F7-4668-BE54-9A1E7A4F7556}") = "Model", "Library\Model\Model.csproj", "{A196BB76-D4B2-457C-9554-4E022A78A061}"
EndProject
Project("{2150E333-8FDC-42A3-9474-1A3956D46DE8}") = "Client", "Client", "{9E2FF981-7C46-4AE3-BEAF-5C51391C220D}"
EndProject
Project("{2150E333-8FDC-42A3-9474-1A3956D46DE8}") = "Shared", "Shared", "{B938C0C2-DF50-4F0F-92C4-30F82AE8BE4D}"
EndProject
Project("{9A19103F-16F7-4668-BE54-9A1E7A4F7556}") = "I18N", "Library\Shared\I18N\I18N.csproj", "{B39FF2E2-6205-4084-B4FD-6128D3E0BE37}"
EndProject
Project("{FAE04EC0-301F-11D3-BF4B-00C04F79EFBC}") = "Constants", "Library\Shared\Constants\Constants.csproj", "{0EFD2DDC-B562-4828-AC12-FC109565D1BD}"
EndProject
Project("{FAE04EC0-301F-11D3-BF4B-00C04F79EFBC}") = "Exceptions", "Library\Shared\Exceptions\Exceptions.csproj", "{5C19CC7F-0DC7-4EA0-A10D-6F98DE3CB90B}"
EndProject
Project("{FAE04EC0-301F-11D3-BF4B-00C04F79EFBC}") = "Serilogs", "Library\Shared\Serilogs\Serilogs.csproj", "{222A776A-56C2-4EAA-818C-5ED339E336B7}"
EndProject
Project("{FAE04EC0-301F-11D3-BF4B-00C04F79EFBC}") = "GoogleAuth", "Library\Shared\GoogleAuth\GoogleAuth.csproj", "{1A0AA30C-48DF-4FB3-AEA7-BB2B6BCA931C}"
EndProject
Global
	GlobalSection(SolutionConfigurationPlatforms) = preSolution
		Debug|Any CPU = Debug|Any CPU
		Release|Any CPU = Release|Any CPU
	EndGlobalSection
	GlobalSection(ProjectConfigurationPlatforms) = postSolution
		{2019AE53-742D-46D3-94E3-EC7027B151FE}.Debug|Any CPU.ActiveCfg = Debug|Any CPU
		{2019AE53-742D-46D3-94E3-EC7027B151FE}.Debug|Any CPU.Build.0 = Debug|Any CPU
		{2019AE53-742D-46D3-94E3-EC7027B151FE}.Release|Any CPU.ActiveCfg = Release|Any CPU
		{2019AE53-742D-46D3-94E3-EC7027B151FE}.Release|Any CPU.Build.0 = Release|Any CPU
		{B5582639-E761-40D3-B2F7-8294A50C077A}.Debug|Any CPU.ActiveCfg = Debug|Any CPU
		{B5582639-E761-40D3-B2F7-8294A50C077A}.Debug|Any CPU.Build.0 = Debug|Any CPU
		{B5582639-E761-40D3-B2F7-8294A50C077A}.Release|Any CPU.ActiveCfg = Release|Any CPU
		{B5582639-E761-40D3-B2F7-8294A50C077A}.Release|Any CPU.Build.0 = Release|Any CPU
		{A196BB76-D4B2-457C-9554-4E022A78A061}.Debug|Any CPU.ActiveCfg = Debug|Any CPU
		{A196BB76-D4B2-457C-9554-4E022A78A061}.Debug|Any CPU.Build.0 = Debug|Any CPU
		{A196BB76-D4B2-457C-9554-4E022A78A061}.Release|Any CPU.ActiveCfg = Release|Any CPU
		{A196BB76-D4B2-457C-9554-4E022A78A061}.Release|Any CPU.Build.0 = Release|Any CPU
		{B39FF2E2-6205-4084-B4FD-6128D3E0BE37}.Debug|Any CPU.ActiveCfg = Debug|Any CPU
		{B39FF2E2-6205-4084-B4FD-6128D3E0BE37}.Debug|Any CPU.Build.0 = Debug|Any CPU
		{B39FF2E2-6205-4084-B4FD-6128D3E0BE37}.Release|Any CPU.ActiveCfg = Release|Any CPU
		{B39FF2E2-6205-4084-B4FD-6128D3E0BE37}.Release|Any CPU.Build.0 = Release|Any CPU
		{0EFD2DDC-B562-4828-AC12-FC109565D1BD}.Debug|Any CPU.ActiveCfg = Debug|Any CPU
		{0EFD2DDC-B562-4828-AC12-FC109565D1BD}.Debug|Any CPU.Build.0 = Debug|Any CPU
		{0EFD2DDC-B562-4828-AC12-FC109565D1BD}.Release|Any CPU.ActiveCfg = Release|Any CPU
		{0EFD2DDC-B562-4828-AC12-FC109565D1BD}.Release|Any CPU.Build.0 = Release|Any CPU
		{5C19CC7F-0DC7-4EA0-A10D-6F98DE3CB90B}.Debug|Any CPU.ActiveCfg = Debug|Any CPU
		{5C19CC7F-0DC7-4EA0-A10D-6F98DE3CB90B}.Debug|Any CPU.Build.0 = Debug|Any CPU
		{5C19CC7F-0DC7-4EA0-A10D-6F98DE3CB90B}.Release|Any CPU.ActiveCfg = Release|Any CPU
		{5C19CC7F-0DC7-4EA0-A10D-6F98DE3CB90B}.Release|Any CPU.Build.0 = Release|Any CPU
		{222A776A-56C2-4EAA-818C-5ED339E336B7}.Debug|Any CPU.ActiveCfg = Debug|Any CPU
		{222A776A-56C2-4EAA-818C-5ED339E336B7}.Debug|Any CPU.Build.0 = Debug|Any CPU
		{222A776A-56C2-4EAA-818C-5ED339E336B7}.Release|Any CPU.ActiveCfg = Release|Any CPU
		{222A776A-56C2-4EAA-818C-5ED339E336B7}.Release|Any CPU.Build.0 = Release|Any CPU
		{1A0AA30C-48DF-4FB3-AEA7-BB2B6BCA931C}.Debug|Any CPU.ActiveCfg = Debug|Any CPU
		{1A0AA30C-48DF-4FB3-AEA7-BB2B6BCA931C}.Debug|Any CPU.Build.0 = Debug|Any CPU
		{1A0AA30C-48DF-4FB3-AEA7-BB2B6BCA931C}.Release|Any CPU.ActiveCfg = Release|Any CPU
		{1A0AA30C-48DF-4FB3-AEA7-BB2B6BCA931C}.Release|Any CPU.Build.0 = Release|Any CPU
	EndGlobalSection
	GlobalSection(SolutionProperties) = preSolution
		HideSolutionNode = FALSE
	EndGlobalSection
	GlobalSection(NestedProjects) = preSolution
		{2019AE53-742D-46D3-94E3-EC7027B151FE} = {9E2FF981-7C46-4AE3-BEAF-5C51391C220D}
		{B5582639-E761-40D3-B2F7-8294A50C077A} = {44C65E58-D772-44B3-B0D9-ABD84633640D}
		{A196BB76-D4B2-457C-9554-4E022A78A061} = {44C65E58-D772-44B3-B0D9-ABD84633640D}
		{B938C0C2-DF50-4F0F-92C4-30F82AE8BE4D} = {44C65E58-D772-44B3-B0D9-ABD84633640D}
		{B39FF2E2-6205-4084-B4FD-6128D3E0BE37} = {B938C0C2-DF50-4F0F-92C4-30F82AE8BE4D}
		{0EFD2DDC-B562-4828-AC12-FC109565D1BD} = {B938C0C2-DF50-4F0F-92C4-30F82AE8BE4D}
		{5C19CC7F-0DC7-4EA0-A10D-6F98DE3CB90B} = {B938C0C2-DF50-4F0F-92C4-30F82AE8BE4D}
		{222A776A-56C2-4EAA-818C-5ED339E336B7} = {B938C0C2-DF50-4F0F-92C4-30F82AE8BE4D}
		{1A0AA30C-48DF-4FB3-AEA7-BB2B6BCA931C} = {B938C0C2-DF50-4F0F-92C4-30F82AE8BE4D}
	EndGlobalSection
	GlobalSection(ExtensibilityGlobals) = postSolution
		SolutionGuid = {74826135-6492-448A-A552-98ABD0D3170D}
	EndGlobalSection
EndGlobal
